
Microsoft Visual Studio Solution File, Format Version 12.00
# Visual Studio Version 16
VisualStudioVersion = 16.0.30204.135
MinimumVisualStudioVersion = 10.0.40219.1
Project("{FAE04EC0-301F-11D3-BF4B-00C04F79EFBC}") = "RoleTopMobile.Android", "RoleTopMobile.Android\RoleTopMobile.Android.csproj", "{FB6257AC-0F0C-49FF-A4D8-EBFD8B7B1AA8}"
EndProject
Project("{FAE04EC0-301F-11D3-BF4B-00C04F79EFBC}") = "RoleTopMobile", "RoleTopMobile\RoleTopMobile.csproj", "{520E0E62-1F0F-4C22-BF9C-5144CBAA4432}"
EndProject
Global
	GlobalSection(SolutionConfigurationPlatforms) = preSolution
		Debug|Any CPU = Debug|Any CPU
		Release|Any CPU = Release|Any CPU
	EndGlobalSection
	GlobalSection(ProjectConfigurationPlatforms) = postSolution
		{FB6257AC-0F0C-49FF-A4D8-EBFD8B7B1AA8}.Debug|Any CPU.ActiveCfg = Debug|Any CPU
		{FB6257AC-0F0C-49FF-A4D8-EBFD8B7B1AA8}.Debug|Any CPU.Build.0 = Debug|Any CPU
		{FB6257AC-0F0C-49FF-A4D8-EBFD8B7B1AA8}.Debug|Any CPU.Deploy.0 = Debug|Any CPU
		{FB6257AC-0F0C-49FF-A4D8-EBFD8B7B1AA8}.Release|Any CPU.ActiveCfg = Release|Any CPU
		{FB6257AC-0F0C-49FF-A4D8-EBFD8B7B1AA8}.Release|Any CPU.Build.0 = Release|Any CPU
		{FB6257AC-0F0C-49FF-A4D8-EBFD8B7B1AA8}.Release|Any CPU.Deploy.0 = Release|Any CPU
		{520E0E62-1F0F-4C22-BF9C-5144CBAA4432}.Debug|Any CPU.ActiveCfg = Debug|Any CPU
		{520E0E62-1F0F-4C22-BF9C-5144CBAA4432}.Debug|Any CPU.Build.0 = Debug|Any CPU
		{520E0E62-1F0F-4C22-BF9C-5144CBAA4432}.Debug|Any CPU.Deploy.0 = Debug|Any CPU
		{520E0E62-1F0F-4C22-BF9C-5144CBAA4432}.Release|Any CPU.ActiveCfg = Release|Any CPU
		{520E0E62-1F0F-4C22-BF9C-5144CBAA4432}.Release|Any CPU.Build.0 = Release|Any CPU
		{520E0E62-1F0F-4C22-BF9C-5144CBAA4432}.Release|Any CPU.Deploy.0 = Release|Any CPU
	EndGlobalSection
	GlobalSection(SolutionProperties) = preSolution
		HideSolutionNode = FALSE
	EndGlobalSection
	GlobalSection(ExtensibilityGlobals) = postSolution
		SolutionGuid = {74724D09-6314-47FF-88AB-13A1FB82DD5C}
	EndGlobalSection
EndGlobal
